
Microsoft Visual Studio Solution File, Format Version 12.00
# Visual Studio 15
Project("{FAE04EC0-301F-11D3-BF4B-00C04F79EFBC}") = "UnityEngine.TestRunner", "UnityEngine.TestRunner.csproj", "{B3EE9406-99B1-40FB-E224-6FA185B7564D}"
EndProject
Project("{FAE04EC0-301F-11D3-BF4B-00C04F79EFBC}") = "Unity.Mathematics", "Unity.Mathematics.csproj", "{43FCC20E-5068-DD2C-434D-3678B67A3FEE}"
EndProject
Project("{FAE04EC0-301F-11D3-BF4B-00C04F79EFBC}") = "Unity.InputSystem", "Unity.InputSystem.csproj", "{4678815A-5035-5000-FA18-A98B1CD6C36B}"
EndProject
Project("{FAE04EC0-301F-11D3-BF4B-00C04F79EFBC}") = "Unity.2D.Animation.Triangle.Runtime", "Unity.2D.Animation.Triangle.Runtime.csproj", "{7C1B8707-A41C-3F7C-ACC8-E92DC3304B63}"
EndProject
Project("{FAE04EC0-301F-11D3-BF4B-00C04F79EFBC}") = "Unity.Timeline", "Unity.Timeline.csproj", "{CAD179EA-509F-2D00-4EDA-91B0A6D5971D}"
EndProject
Project("{FAE04EC0-301F-11D3-BF4B-00C04F79EFBC}") = "UnityEngine.UI", "UnityEngine.UI.csproj", "{6AEF732B-2856-3B82-3820-7B9DC82B9FCC}"
EndProject
Project("{FAE04EC0-301F-11D3-BF4B-00C04F79EFBC}") = "Unity.TextMeshPro", "Unity.TextMeshPro.csproj", "{902BD168-4194-26E7-A04A-2594DA4E2D7C}"
EndProject
Project("{FAE04EC0-301F-11D3-BF4B-00C04F79EFBC}") = "Unity.2D.Animation.Runtime", "Unity.2D.Animation.Runtime.csproj", "{92929855-8611-1925-6C5E-B63A453D539C}"
EndProject
Project("{FAE04EC0-301F-11D3-BF4B-00C04F79EFBC}") = "Unity.2D.IK.Runtime", "Unity.2D.IK.Runtime.csproj", "{04EDC906-EA92-7188-355F-B60E34E927D7}"
EndProject
Project("{FAE04EC0-301F-11D3-BF4B-00C04F79EFBC}") = "Assembly-CSharp", "Assembly-CSharp.csproj", "{72AF9D81-0CC7-85BA-1895-72A8DA79AAA9}"
EndProject
Project("{FAE04EC0-301F-11D3-BF4B-00C04F79EFBC}") = "Unity.2D.SpriteShape.Runtime", "Unity.2D.SpriteShape.Runtime.csproj", "{CF1E27C2-98AC-C0F8-739C-6A9AF7168F8F}"
EndProject
Project("{FAE04EC0-301F-11D3-BF4B-00C04F79EFBC}") = "Unity.2D.PixelPerfect", "Unity.2D.PixelPerfect.csproj", "{AD71F256-7CD5-F292-E45D-BD6090ACD288}"
EndProject
Project("{FAE04EC0-301F-11D3-BF4B-00C04F79EFBC}") = "Unity.2D.Common.Runtime", "Unity.2D.Common.Runtime.csproj", "{ADC56800-645F-A91D-DDE1-CDA5E2E36360}"
EndProject
Project("{FAE04EC0-301F-11D3-BF4B-00C04F79EFBC}") = "Unity.InternalAPIEngineBridge.001", "Unity.InternalAPIEngineBridge.001.csproj", "{1CC1DA7F-49C4-F471-005A-06902C6EA147}"
EndProject
Project("{FAE04EC0-301F-11D3-BF4B-00C04F79EFBC}") = "Unity.Timeline.Editor", "Unity.Timeline.Editor.csproj", "{65C0AC99-94B3-C4CB-D66D-49D4D2AF16B2}"
EndProject
Project("{FAE04EC0-301F-11D3-BF4B-00C04F79EFBC}") = "Unity.TextMeshPro.Editor", "Unity.TextMeshPro.Editor.csproj", "{2F4FE92F-FC26-E656-F89D-D618F07BF193}"
EndProject
Project("{FAE04EC0-301F-11D3-BF4B-00C04F79EFBC}") = "Unity.2D.Animation.Editor", "Unity.2D.Animation.Editor.csproj", "{461396FC-C2AA-EBA3-2849-F6B8CE23354D}"
EndProject
Project("{FAE04EC0-301F-11D3-BF4B-00C04F79EFBC}") = "UnityEditor.TestRunner", "UnityEditor.TestRunner.csproj", "{4A0070B2-72E1-9AB0-76F8-023F9C624B9A}"
EndProject
Project("{FAE04EC0-301F-11D3-BF4B-00C04F79EFBC}") = "Unity.PlasticSCM.Editor", "Unity.PlasticSCM.Editor.csproj", "{5303C88A-608E-70FB-E9F0-8FC72D1F26DD}"
EndProject
Project("{FAE04EC0-301F-11D3-BF4B-00C04F79EFBC}") = "UnityEditor.UI", "UnityEditor.UI.csproj", "{C7F6A73D-CAE6-862E-68C1-544B3C10EF4F}"
EndProject
Project("{FAE04EC0-301F-11D3-BF4B-00C04F79EFBC}") = "Unity.Services.Core.Editor", "Unity.Services.Core.Editor.csproj", "{E3607135-7114-6116-9002-F5346511D001}"
EndProject
Project("{FAE04EC0-301F-11D3-BF4B-00C04F79EFBC}") = "Unity.VisualStudio.Editor", "Unity.VisualStudio.Editor.csproj", "{A6120F98-A119-C042-F3DD-E9259936E342}"
EndProject
Project("{FAE04EC0-301F-11D3-BF4B-00C04F79EFBC}") = "Unity.2D.Psdimporter.Editor", "Unity.2D.Psdimporter.Editor.csproj", "{D4F6CDE7-2E99-D4BD-DF0A-BE7770DCBDF3}"
EndProject
Project("{FAE04EC0-301F-11D3-BF4B-00C04F79EFBC}") = "Unity.2D.SpriteShape.Editor", "Unity.2D.SpriteShape.Editor.csproj", "{2094C8C9-2DDA-4102-E1BA-50CD05C67CEA}"
EndProject
Project("{FAE04EC0-301F-11D3-BF4B-00C04F79EFBC}") = "Unity.CollabProxy.Editor", "Unity.CollabProxy.Editor.csproj", "{27A51222-AC53-408E-D3CD-4DE7C2B0B575}"
EndProject
Project("{FAE04EC0-301F-11D3-BF4B-00C04F79EFBC}") = "PsdPlugin", "PsdPlugin.csproj", "{0B78CE3B-0F2D-BA74-2710-857AF7B73C48}"
EndProject
Project("{FAE04EC0-301F-11D3-BF4B-00C04F79EFBC}") = "Unity.2D.Path.Editor", "Unity.2D.Path.Editor.csproj", "{9CC6FF24-7125-5C5A-8F93-27022A25E26C}"
EndProject
Project("{FAE04EC0-301F-11D3-BF4B-00C04F79EFBC}") = "Unity.Rider.Editor", "Unity.Rider.Editor.csproj", "{75EBD77A-163D-3A5A-F06E-CBFDB437A3A3}"
EndProject
Project("{FAE04EC0-301F-11D3-BF4B-00C04F79EFBC}") = "Unity.2D.IK.Editor", "Unity.2D.IK.Editor.csproj", "{420D322C-8558-E579-0BDD-AD61978887C1}"
EndProject
Project("{FAE04EC0-301F-11D3-BF4B-00C04F79EFBC}") = "Unity.2D.Sprite.Editor", "Unity.2D.Sprite.Editor.csproj", "{3A7A718D-ACA4-F8EF-51C4-B3C6B334A28C}"
EndProject
Project("{FAE04EC0-301F-11D3-BF4B-00C04F79EFBC}") = "Unity.2D.Tilemap.Editor", "Unity.2D.Tilemap.Editor.csproj", "{54C63612-2420-485F-44DD-F5C37E5F7200}"
EndProject
Project("{FAE04EC0-301F-11D3-BF4B-00C04F79EFBC}") = "Unity.2D.PixelPerfect.Editor", "Unity.2D.PixelPerfect.Editor.csproj", "{A165AE9C-AFFE-5CD4-E834-1B9F3981238A}"
EndProject
Project("{FAE04EC0-301F-11D3-BF4B-00C04F79EFBC}") = "Unity.VSCode.Editor", "Unity.VSCode.Editor.csproj", "{D3D42136-A7E4-A43C-27FF-E817995E55C9}"
EndProject
Project("{FAE04EC0-301F-11D3-BF4B-00C04F79EFBC}") = "Unity.2D.Common.Editor", "Unity.2D.Common.Editor.csproj", "{9C76E9D5-8794-8075-C297-9443E8B00C75}"
EndProject
Project("{FAE04EC0-301F-11D3-BF4B-00C04F79EFBC}") = "Unity.Mathematics.Editor", "Unity.Mathematics.Editor.csproj", "{BBC5C86A-2533-7F39-9BDE-10650FD58B8B}"
EndProject
Project("{FAE04EC0-301F-11D3-BF4B-00C04F79EFBC}") = "Unity.InternalAPIEditorBridge.001", "Unity.InternalAPIEditorBridge.001.csproj", "{E514A4F0-DDEF-0FA5-F7DE-AA7DFB574498}"
EndProject
Project("{FAE04EC0-301F-11D3-BF4B-00C04F79EFBC}") = "UnityEngine.TestRunner", "UnityEngine.TestRunner.Player.csproj", "{EE68185A-5BEC-57FD-214D-A5AA7850BEA6}"
EndProject
Project("{FAE04EC0-301F-11D3-BF4B-00C04F79EFBC}") = "Unity.Mathematics", "Unity.Mathematics.Player.csproj", "{E07225CD-6672-DED0-DBC1-781FED4961A1}"
EndProject
Project("{FAE04EC0-301F-11D3-BF4B-00C04F79EFBC}") = "Unity.InputSystem", "Unity.InputSystem.Player.csproj", "{0B6FB3A6-7A37-5A49-7F75-E4370CE4D975}"
EndProject
Project("{FAE04EC0-301F-11D3-BF4B-00C04F79EFBC}") = "Unity.2D.Animation.Triangle.Runtime", "Unity.2D.Animation.Triangle.Runtime.Player.csproj", "{5A34751E-F923-874F-B50D-AD1795F73A15}"
EndProject
Project("{FAE04EC0-301F-11D3-BF4B-00C04F79EFBC}") = "Unity.Timeline", "Unity.Timeline.Player.csproj", "{6F337E16-C463-7BD8-8085-84F25EC90AAB}"
EndProject
Project("{FAE04EC0-301F-11D3-BF4B-00C04F79EFBC}") = "UnityEngine.UI", "UnityEngine.UI.Player.csproj", "{09A529DE-1E1E-887B-8DDC-6E2257B522E8}"
EndProject
Project("{FAE04EC0-301F-11D3-BF4B-00C04F79EFBC}") = "Unity.TextMeshPro", "Unity.TextMeshPro.Player.csproj", "{979D21D4-F4F3-B2B8-A335-1C98FBDE5B77}"
EndProject
Project("{FAE04EC0-301F-11D3-BF4B-00C04F79EFBC}") = "Unity.2D.Animation.Runtime", "Unity.2D.Animation.Runtime.Player.csproj", "{74C4C68D-94EE-C6D4-EA7A-BA68B39A7B31}"
EndProject
Project("{FAE04EC0-301F-11D3-BF4B-00C04F79EFBC}") = "Unity.2D.IK.Runtime", "Unity.2D.IK.Runtime.Player.csproj", "{5F054C4E-69BA-CA25-281A-CB7BFF0E3170}"
EndProject
Project("{FAE04EC0-301F-11D3-BF4B-00C04F79EFBC}") = "Assembly-CSharp", "Assembly-CSharp.Player.csproj", "{BAB64C9D-13ED-2FBB-047E-966D2C7F93FB}"
EndProject
Project("{FAE04EC0-301F-11D3-BF4B-00C04F79EFBC}") = "Unity.2D.SpriteShape.Runtime", "Unity.2D.SpriteShape.Runtime.Player.csproj", "{B7DDAD3E-9A6A-3D94-B377-7001FE2F3AAF}"
EndProject
Project("{FAE04EC0-301F-11D3-BF4B-00C04F79EFBC}") = "Unity.2D.PixelPerfect", "Unity.2D.PixelPerfect.Player.csproj", "{0A0A3DA3-8050-0B29-D6B4-94BFA4888FD6}"
EndProject
Project("{FAE04EC0-301F-11D3-BF4B-00C04F79EFBC}") = "Unity.2D.Common.Runtime", "Unity.2D.Common.Runtime.Player.csproj", "{3592D62D-8516-308C-8394-81856E47FB03}"
EndProject
Project("{FAE04EC0-301F-11D3-BF4B-00C04F79EFBC}") = "Unity.InternalAPIEngineBridge.001", "Unity.InternalAPIEngineBridge.001.Player.csproj", "{294E58C0-3218-1DEF-CF07-B9055E439ECB}"
EndProject
Global
	GlobalSection(SolutionConfigurationPlatforms) = preSolution
		Debug|Any CPU = Debug|Any CPU
		Release|Any CPU = Release|Any CPU
	EndGlobalSection
	GlobalSection(ProjectConfigurationPlatforms) = postSolution
		{B3EE9406-99B1-40FB-E224-6FA185B7564D}.Debug|Any CPU.ActiveCfg = Debug|Any CPU
		{B3EE9406-99B1-40FB-E224-6FA185B7564D}.Debug|Any CPU.Build.0 = Debug|Any CPU
		{B3EE9406-99B1-40FB-E224-6FA185B7564D}.Release|Any CPU.ActiveCfg = Release|Any CPU
		{B3EE9406-99B1-40FB-E224-6FA185B7564D}.Release|Any CPU.Build.0 = Release|Any CPU
		{43FCC20E-5068-DD2C-434D-3678B67A3FEE}.Debug|Any CPU.ActiveCfg = Debug|Any CPU
		{43FCC20E-5068-DD2C-434D-3678B67A3FEE}.Debug|Any CPU.Build.0 = Debug|Any CPU
		{43FCC20E-5068-DD2C-434D-3678B67A3FEE}.Release|Any CPU.ActiveCfg = Release|Any CPU
		{43FCC20E-5068-DD2C-434D-3678B67A3FEE}.Release|Any CPU.Build.0 = Release|Any CPU
		{4678815A-5035-5000-FA18-A98B1CD6C36B}.Debug|Any CPU.ActiveCfg = Debug|Any CPU
		{4678815A-5035-5000-FA18-A98B1CD6C36B}.Debug|Any CPU.Build.0 = Debug|Any CPU
		{4678815A-5035-5000-FA18-A98B1CD6C36B}.Release|Any CPU.ActiveCfg = Release|Any CPU
		{4678815A-5035-5000-FA18-A98B1CD6C36B}.Release|Any CPU.Build.0 = Release|Any CPU
		{7C1B8707-A41C-3F7C-ACC8-E92DC3304B63}.Debug|Any CPU.ActiveCfg = Debug|Any CPU
		{7C1B8707-A41C-3F7C-ACC8-E92DC3304B63}.Debug|Any CPU.Build.0 = Debug|Any CPU
		{7C1B8707-A41C-3F7C-ACC8-E92DC3304B63}.Release|Any CPU.ActiveCfg = Release|Any CPU
		{7C1B8707-A41C-3F7C-ACC8-E92DC3304B63}.Release|Any CPU.Build.0 = Release|Any CPU
		{CAD179EA-509F-2D00-4EDA-91B0A6D5971D}.Debug|Any CPU.ActiveCfg = Debug|Any CPU
		{CAD179EA-509F-2D00-4EDA-91B0A6D5971D}.Debug|Any CPU.Build.0 = Debug|Any CPU
		{CAD179EA-509F-2D00-4EDA-91B0A6D5971D}.Release|Any CPU.ActiveCfg = Release|Any CPU
		{CAD179EA-509F-2D00-4EDA-91B0A6D5971D}.Release|Any CPU.Build.0 = Release|Any CPU
		{6AEF732B-2856-3B82-3820-7B9DC82B9FCC}.Debug|Any CPU.ActiveCfg = Debug|Any CPU
		{6AEF732B-2856-3B82-3820-7B9DC82B9FCC}.Debug|Any CPU.Build.0 = Debug|Any CPU
		{6AEF732B-2856-3B82-3820-7B9DC82B9FCC}.Release|Any CPU.ActiveCfg = Release|Any CPU
		{6AEF732B-2856-3B82-3820-7B9DC82B9FCC}.Release|Any CPU.Build.0 = Release|Any CPU
		{902BD168-4194-26E7-A04A-2594DA4E2D7C}.Debug|Any CPU.ActiveCfg = Debug|Any CPU
		{902BD168-4194-26E7-A04A-2594DA4E2D7C}.Debug|Any CPU.Build.0 = Debug|Any CPU
		{902BD168-4194-26E7-A04A-2594DA4E2D7C}.Release|Any CPU.ActiveCfg = Release|Any CPU
		{902BD168-4194-26E7-A04A-2594DA4E2D7C}.Release|Any CPU.Build.0 = Release|Any CPU
		{92929855-8611-1925-6C5E-B63A453D539C}.Debug|Any CPU.ActiveCfg = Debug|Any CPU
		{92929855-8611-1925-6C5E-B63A453D539C}.Debug|Any CPU.Build.0 = Debug|Any CPU
		{92929855-8611-1925-6C5E-B63A453D539C}.Release|Any CPU.ActiveCfg = Release|Any CPU
		{92929855-8611-1925-6C5E-B63A453D539C}.Release|Any CPU.Build.0 = Release|Any CPU
		{04EDC906-EA92-7188-355F-B60E34E927D7}.Debug|Any CPU.ActiveCfg = Debug|Any CPU
		{04EDC906-EA92-7188-355F-B60E34E927D7}.Debug|Any CPU.Build.0 = Debug|Any CPU
		{04EDC906-EA92-7188-355F-B60E34E927D7}.Release|Any CPU.ActiveCfg = Release|Any CPU
		{04EDC906-EA92-7188-355F-B60E34E927D7}.Release|Any CPU.Build.0 = Release|Any CPU
		{72AF9D81-0CC7-85BA-1895-72A8DA79AAA9}.Debug|Any CPU.ActiveCfg = Debug|Any CPU
		{72AF9D81-0CC7-85BA-1895-72A8DA79AAA9}.Debug|Any CPU.Build.0 = Debug|Any CPU
		{72AF9D81-0CC7-85BA-1895-72A8DA79AAA9}.Release|Any CPU.ActiveCfg = Release|Any CPU
		{72AF9D81-0CC7-85BA-1895-72A8DA79AAA9}.Release|Any CPU.Build.0 = Release|Any CPU
		{CF1E27C2-98AC-C0F8-739C-6A9AF7168F8F}.Debug|Any CPU.ActiveCfg = Debug|Any CPU
		{CF1E27C2-98AC-C0F8-739C-6A9AF7168F8F}.Debug|Any CPU.Build.0 = Debug|Any CPU
		{CF1E27C2-98AC-C0F8-739C-6A9AF7168F8F}.Release|Any CPU.ActiveCfg = Release|Any CPU
		{CF1E27C2-98AC-C0F8-739C-6A9AF7168F8F}.Release|Any CPU.Build.0 = Release|Any CPU
		{AD71F256-7CD5-F292-E45D-BD6090ACD288}.Debug|Any CPU.ActiveCfg = Debug|Any CPU
		{AD71F256-7CD5-F292-E45D-BD6090ACD288}.Debug|Any CPU.Build.0 = Debug|Any CPU
		{AD71F256-7CD5-F292-E45D-BD6090ACD288}.Release|Any CPU.ActiveCfg = Release|Any CPU
		{AD71F256-7CD5-F292-E45D-BD6090ACD288}.Release|Any CPU.Build.0 = Release|Any CPU
		{ADC56800-645F-A91D-DDE1-CDA5E2E36360}.Debug|Any CPU.ActiveCfg = Debug|Any CPU
		{ADC56800-645F-A91D-DDE1-CDA5E2E36360}.Debug|Any CPU.Build.0 = Debug|Any CPU
		{ADC56800-645F-A91D-DDE1-CDA5E2E36360}.Release|Any CPU.ActiveCfg = Release|Any CPU
		{ADC56800-645F-A91D-DDE1-CDA5E2E36360}.Release|Any CPU.Build.0 = Release|Any CPU
		{1CC1DA7F-49C4-F471-005A-06902C6EA147}.Debug|Any CPU.ActiveCfg = Debug|Any CPU
		{1CC1DA7F-49C4-F471-005A-06902C6EA147}.Debug|Any CPU.Build.0 = Debug|Any CPU
		{1CC1DA7F-49C4-F471-005A-06902C6EA147}.Release|Any CPU.ActiveCfg = Release|Any CPU
		{1CC1DA7F-49C4-F471-005A-06902C6EA147}.Release|Any CPU.Build.0 = Release|Any CPU
		{65C0AC99-94B3-C4CB-D66D-49D4D2AF16B2}.Debug|Any CPU.ActiveCfg = Debug|Any CPU
		{65C0AC99-94B3-C4CB-D66D-49D4D2AF16B2}.Debug|Any CPU.Build.0 = Debug|Any CPU
		{65C0AC99-94B3-C4CB-D66D-49D4D2AF16B2}.Release|Any CPU.ActiveCfg = Release|Any CPU
		{65C0AC99-94B3-C4CB-D66D-49D4D2AF16B2}.Release|Any CPU.Build.0 = Release|Any CPU
		{2F4FE92F-FC26-E656-F89D-D618F07BF193}.Debug|Any CPU.ActiveCfg = Debug|Any CPU
		{2F4FE92F-FC26-E656-F89D-D618F07BF193}.Debug|Any CPU.Build.0 = Debug|Any CPU
		{2F4FE92F-FC26-E656-F89D-D618F07BF193}.Release|Any CPU.ActiveCfg = Release|Any CPU
		{2F4FE92F-FC26-E656-F89D-D618F07BF193}.Release|Any CPU.Build.0 = Release|Any CPU
		{461396FC-C2AA-EBA3-2849-F6B8CE23354D}.Debug|Any CPU.ActiveCfg = Debug|Any CPU
		{461396FC-C2AA-EBA3-2849-F6B8CE23354D}.Debug|Any CPU.Build.0 = Debug|Any CPU
		{461396FC-C2AA-EBA3-2849-F6B8CE23354D}.Release|Any CPU.ActiveCfg = Release|Any CPU
		{461396FC-C2AA-EBA3-2849-F6B8CE23354D}.Release|Any CPU.Build.0 = Release|Any CPU
		{4A0070B2-72E1-9AB0-76F8-023F9C624B9A}.Debug|Any CPU.ActiveCfg = Debug|Any CPU
		{4A0070B2-72E1-9AB0-76F8-023F9C624B9A}.Debug|Any CPU.Build.0 = Debug|Any CPU
		{4A0070B2-72E1-9AB0-76F8-023F9C624B9A}.Release|Any CPU.ActiveCfg = Release|Any CPU
		{4A0070B2-72E1-9AB0-76F8-023F9C624B9A}.Release|Any CPU.Build.0 = Release|Any CPU
		{5303C88A-608E-70FB-E9F0-8FC72D1F26DD}.Debug|Any CPU.ActiveCfg = Debug|Any CPU
		{5303C88A-608E-70FB-E9F0-8FC72D1F26DD}.Debug|Any CPU.Build.0 = Debug|Any CPU
		{5303C88A-608E-70FB-E9F0-8FC72D1F26DD}.Release|Any CPU.ActiveCfg = Release|Any CPU
		{5303C88A-608E-70FB-E9F0-8FC72D1F26DD}.Release|Any CPU.Build.0 = Release|Any CPU
		{C7F6A73D-CAE6-862E-68C1-544B3C10EF4F}.Debug|Any CPU.ActiveCfg = Debug|Any CPU
		{C7F6A73D-CAE6-862E-68C1-544B3C10EF4F}.Debug|Any CPU.Build.0 = Debug|Any CPU
		{C7F6A73D-CAE6-862E-68C1-544B3C10EF4F}.Release|Any CPU.ActiveCfg = Release|Any CPU
		{C7F6A73D-CAE6-862E-68C1-544B3C10EF4F}.Release|Any CPU.Build.0 = Release|Any CPU
		{E3607135-7114-6116-9002-F5346511D001}.Debug|Any CPU.ActiveCfg = Debug|Any CPU
		{E3607135-7114-6116-9002-F5346511D001}.Debug|Any CPU.Build.0 = Debug|Any CPU
		{E3607135-7114-6116-9002-F5346511D001}.Release|Any CPU.ActiveCfg = Release|Any CPU
		{E3607135-7114-6116-9002-F5346511D001}.Release|Any CPU.Build.0 = Release|Any CPU
		{A6120F98-A119-C042-F3DD-E9259936E342}.Debug|Any CPU.ActiveCfg = Debug|Any CPU
		{A6120F98-A119-C042-F3DD-E9259936E342}.Debug|Any CPU.Build.0 = Debug|Any CPU
		{A6120F98-A119-C042-F3DD-E9259936E342}.Release|Any CPU.ActiveCfg = Release|Any CPU
		{A6120F98-A119-C042-F3DD-E9259936E342}.Release|Any CPU.Build.0 = Release|Any CPU
		{D4F6CDE7-2E99-D4BD-DF0A-BE7770DCBDF3}.Debug|Any CPU.ActiveCfg = Debug|Any CPU
		{D4F6CDE7-2E99-D4BD-DF0A-BE7770DCBDF3}.Debug|Any CPU.Build.0 = Debug|Any CPU
		{D4F6CDE7-2E99-D4BD-DF0A-BE7770DCBDF3}.Release|Any CPU.ActiveCfg = Release|Any CPU
		{D4F6CDE7-2E99-D4BD-DF0A-BE7770DCBDF3}.Release|Any CPU.Build.0 = Release|Any CPU
		{2094C8C9-2DDA-4102-E1BA-50CD05C67CEA}.Debug|Any CPU.ActiveCfg = Debug|Any CPU
		{2094C8C9-2DDA-4102-E1BA-50CD05C67CEA}.Debug|Any CPU.Build.0 = Debug|Any CPU
		{2094C8C9-2DDA-4102-E1BA-50CD05C67CEA}.Release|Any CPU.ActiveCfg = Release|Any CPU
		{2094C8C9-2DDA-4102-E1BA-50CD05C67CEA}.Release|Any CPU.Build.0 = Release|Any CPU
		{27A51222-AC53-408E-D3CD-4DE7C2B0B575}.Debug|Any CPU.ActiveCfg = Debug|Any CPU
		{27A51222-AC53-408E-D3CD-4DE7C2B0B575}.Debug|Any CPU.Build.0 = Debug|Any CPU
		{27A51222-AC53-408E-D3CD-4DE7C2B0B575}.Release|Any CPU.ActiveCfg = Release|Any CPU
		{27A51222-AC53-408E-D3CD-4DE7C2B0B575}.Release|Any CPU.Build.0 = Release|Any CPU
		{0B78CE3B-0F2D-BA74-2710-857AF7B73C48}.Debug|Any CPU.ActiveCfg = Debug|Any CPU
		{0B78CE3B-0F2D-BA74-2710-857AF7B73C48}.Debug|Any CPU.Build.0 = Debug|Any CPU
		{0B78CE3B-0F2D-BA74-2710-857AF7B73C48}.Release|Any CPU.ActiveCfg = Release|Any CPU
		{0B78CE3B-0F2D-BA74-2710-857AF7B73C48}.Release|Any CPU.Build.0 = Release|Any CPU
		{9CC6FF24-7125-5C5A-8F93-27022A25E26C}.Debug|Any CPU.ActiveCfg = Debug|Any CPU
		{9CC6FF24-7125-5C5A-8F93-27022A25E26C}.Debug|Any CPU.Build.0 = Debug|Any CPU
		{9CC6FF24-7125-5C5A-8F93-27022A25E26C}.Release|Any CPU.ActiveCfg = Release|Any CPU
		{9CC6FF24-7125-5C5A-8F93-27022A25E26C}.Release|Any CPU.Build.0 = Release|Any CPU
		{75EBD77A-163D-3A5A-F06E-CBFDB437A3A3}.Debug|Any CPU.ActiveCfg = Debug|Any CPU
		{75EBD77A-163D-3A5A-F06E-CBFDB437A3A3}.Debug|Any CPU.Build.0 = Debug|Any CPU
		{75EBD77A-163D-3A5A-F06E-CBFDB437A3A3}.Release|Any CPU.ActiveCfg = Release|Any CPU
		{75EBD77A-163D-3A5A-F06E-CBFDB437A3A3}.Release|Any CPU.Build.0 = Release|Any CPU
		{420D322C-8558-E579-0BDD-AD61978887C1}.Debug|Any CPU.ActiveCfg = Debug|Any CPU
		{420D322C-8558-E579-0BDD-AD61978887C1}.Debug|Any CPU.Build.0 = Debug|Any CPU
		{420D322C-8558-E579-0BDD-AD61978887C1}.Release|Any CPU.ActiveCfg = Release|Any CPU
		{420D322C-8558-E579-0BDD-AD61978887C1}.Release|Any CPU.Build.0 = Release|Any CPU
		{3A7A718D-ACA4-F8EF-51C4-B3C6B334A28C}.Debug|Any CPU.ActiveCfg = Debug|Any CPU
		{3A7A718D-ACA4-F8EF-51C4-B3C6B334A28C}.Debug|Any CPU.Build.0 = Debug|Any CPU
		{3A7A718D-ACA4-F8EF-51C4-B3C6B334A28C}.Release|Any CPU.ActiveCfg = Release|Any CPU
		{3A7A718D-ACA4-F8EF-51C4-B3C6B334A28C}.Release|Any CPU.Build.0 = Release|Any CPU
		{54C63612-2420-485F-44DD-F5C37E5F7200}.Debug|Any CPU.ActiveCfg = Debug|Any CPU
		{54C63612-2420-485F-44DD-F5C37E5F7200}.Debug|Any CPU.Build.0 = Debug|Any CPU
		{54C63612-2420-485F-44DD-F5C37E5F7200}.Release|Any CPU.ActiveCfg = Release|Any CPU
		{54C63612-2420-485F-44DD-F5C37E5F7200}.Release|Any CPU.Build.0 = Release|Any CPU
		{A165AE9C-AFFE-5CD4-E834-1B9F3981238A}.Debug|Any CPU.ActiveCfg = Debug|Any CPU
		{A165AE9C-AFFE-5CD4-E834-1B9F3981238A}.Debug|Any CPU.Build.0 = Debug|Any CPU
		{A165AE9C-AFFE-5CD4-E834-1B9F3981238A}.Release|Any CPU.ActiveCfg = Release|Any CPU
		{A165AE9C-AFFE-5CD4-E834-1B9F3981238A}.Release|Any CPU.Build.0 = Release|Any CPU
		{D3D42136-A7E4-A43C-27FF-E817995E55C9}.Debug|Any CPU.ActiveCfg = Debug|Any CPU
		{D3D42136-A7E4-A43C-27FF-E817995E55C9}.Debug|Any CPU.Build.0 = Debug|Any CPU
		{D3D42136-A7E4-A43C-27FF-E817995E55C9}.Release|Any CPU.ActiveCfg = Release|Any CPU
		{D3D42136-A7E4-A43C-27FF-E817995E55C9}.Release|Any CPU.Build.0 = Release|Any CPU
		{9C76E9D5-8794-8075-C297-9443E8B00C75}.Debug|Any CPU.ActiveCfg = Debug|Any CPU
		{9C76E9D5-8794-8075-C297-9443E8B00C75}.Debug|Any CPU.Build.0 = Debug|Any CPU
		{9C76E9D5-8794-8075-C297-9443E8B00C75}.Release|Any CPU.ActiveCfg = Release|Any CPU
		{9C76E9D5-8794-8075-C297-9443E8B00C75}.Release|Any CPU.Build.0 = Release|Any CPU
		{BBC5C86A-2533-7F39-9BDE-10650FD58B8B}.Debug|Any CPU.ActiveCfg = Debug|Any CPU
		{BBC5C86A-2533-7F39-9BDE-10650FD58B8B}.Debug|Any CPU.Build.0 = Debug|Any CPU
		{BBC5C86A-2533-7F39-9BDE-10650FD58B8B}.Release|Any CPU.ActiveCfg = Release|Any CPU
		{BBC5C86A-2533-7F39-9BDE-10650FD58B8B}.Release|Any CPU.Build.0 = Release|Any CPU
		{E514A4F0-DDEF-0FA5-F7DE-AA7DFB574498}.Debug|Any CPU.ActiveCfg = Debug|Any CPU
		{E514A4F0-DDEF-0FA5-F7DE-AA7DFB574498}.Debug|Any CPU.Build.0 = Debug|Any CPU
		{E514A4F0-DDEF-0FA5-F7DE-AA7DFB574498}.Release|Any CPU.ActiveCfg = Release|Any CPU
		{E514A4F0-DDEF-0FA5-F7DE-AA7DFB574498}.Release|Any CPU.Build.0 = Release|Any CPU
		{EE68185A-5BEC-57FD-214D-A5AA7850BEA6}.Debug|Any CPU.ActiveCfg = Debug|Any CPU
		{EE68185A-5BEC-57FD-214D-A5AA7850BEA6}.Debug|Any CPU.Build.0 = Debug|Any CPU
		{EE68185A-5BEC-57FD-214D-A5AA7850BEA6}.Release|Any CPU.ActiveCfg = Release|Any CPU
		{EE68185A-5BEC-57FD-214D-A5AA7850BEA6}.Release|Any CPU.Build.0 = Release|Any CPU
		{E07225CD-6672-DED0-DBC1-781FED4961A1}.Debug|Any CPU.ActiveCfg = Debug|Any CPU
		{E07225CD-6672-DED0-DBC1-781FED4961A1}.Debug|Any CPU.Build.0 = Debug|Any CPU
		{E07225CD-6672-DED0-DBC1-781FED4961A1}.Release|Any CPU.ActiveCfg = Release|Any CPU
		{E07225CD-6672-DED0-DBC1-781FED4961A1}.Release|Any CPU.Build.0 = Release|Any CPU
		{0B6FB3A6-7A37-5A49-7F75-E4370CE4D975}.Debug|Any CPU.ActiveCfg = Debug|Any CPU
		{0B6FB3A6-7A37-5A49-7F75-E4370CE4D975}.Debug|Any CPU.Build.0 = Debug|Any CPU
		{0B6FB3A6-7A37-5A49-7F75-E4370CE4D975}.Release|Any CPU.ActiveCfg = Release|Any CPU
		{0B6FB3A6-7A37-5A49-7F75-E4370CE4D975}.Release|Any CPU.Build.0 = Release|Any CPU
		{5A34751E-F923-874F-B50D-AD1795F73A15}.Debug|Any CPU.ActiveCfg = Debug|Any CPU
		{5A34751E-F923-874F-B50D-AD1795F73A15}.Debug|Any CPU.Build.0 = Debug|Any CPU
		{5A34751E-F923-874F-B50D-AD1795F73A15}.Release|Any CPU.ActiveCfg = Release|Any CPU
		{5A34751E-F923-874F-B50D-AD1795F73A15}.Release|Any CPU.Build.0 = Release|Any CPU
		{6F337E16-C463-7BD8-8085-84F25EC90AAB}.Debug|Any CPU.ActiveCfg = Debug|Any CPU
		{6F337E16-C463-7BD8-8085-84F25EC90AAB}.Debug|Any CPU.Build.0 = Debug|Any CPU
		{6F337E16-C463-7BD8-8085-84F25EC90AAB}.Release|Any CPU.ActiveCfg = Release|Any CPU
		{6F337E16-C463-7BD8-8085-84F25EC90AAB}.Release|Any CPU.Build.0 = Release|Any CPU
		{09A529DE-1E1E-887B-8DDC-6E2257B522E8}.Debug|Any CPU.ActiveCfg = Debug|Any CPU
		{09A529DE-1E1E-887B-8DDC-6E2257B522E8}.Debug|Any CPU.Build.0 = Debug|Any CPU
		{09A529DE-1E1E-887B-8DDC-6E2257B522E8}.Release|Any CPU.ActiveCfg = Release|Any CPU
		{09A529DE-1E1E-887B-8DDC-6E2257B522E8}.Release|Any CPU.Build.0 = Release|Any CPU
		{979D21D4-F4F3-B2B8-A335-1C98FBDE5B77}.Debug|Any CPU.ActiveCfg = Debug|Any CPU
		{979D21D4-F4F3-B2B8-A335-1C98FBDE5B77}.Debug|Any CPU.Build.0 = Debug|Any CPU
		{979D21D4-F4F3-B2B8-A335-1C98FBDE5B77}.Release|Any CPU.ActiveCfg = Release|Any CPU
		{979D21D4-F4F3-B2B8-A335-1C98FBDE5B77}.Release|Any CPU.Build.0 = Release|Any CPU
		{74C4C68D-94EE-C6D4-EA7A-BA68B39A7B31}.Debug|Any CPU.ActiveCfg = Debug|Any CPU
		{74C4C68D-94EE-C6D4-EA7A-BA68B39A7B31}.Debug|Any CPU.Build.0 = Debug|Any CPU
		{74C4C68D-94EE-C6D4-EA7A-BA68B39A7B31}.Release|Any CPU.ActiveCfg = Release|Any CPU
		{74C4C68D-94EE-C6D4-EA7A-BA68B39A7B31}.Release|Any CPU.Build.0 = Release|Any CPU
		{5F054C4E-69BA-CA25-281A-CB7BFF0E3170}.Debug|Any CPU.ActiveCfg = Debug|Any CPU
		{5F054C4E-69BA-CA25-281A-CB7BFF0E3170}.Debug|Any CPU.Build.0 = Debug|Any CPU
		{5F054C4E-69BA-CA25-281A-CB7BFF0E3170}.Release|Any CPU.ActiveCfg = Release|Any CPU
		{5F054C4E-69BA-CA25-281A-CB7BFF0E3170}.Release|Any CPU.Build.0 = Release|Any CPU
		{BAB64C9D-13ED-2FBB-047E-966D2C7F93FB}.Debug|Any CPU.ActiveCfg = Debug|Any CPU
		{BAB64C9D-13ED-2FBB-047E-966D2C7F93FB}.Debug|Any CPU.Build.0 = Debug|Any CPU
		{BAB64C9D-13ED-2FBB-047E-966D2C7F93FB}.Release|Any CPU.ActiveCfg = Release|Any CPU
		{BAB64C9D-13ED-2FBB-047E-966D2C7F93FB}.Release|Any CPU.Build.0 = Release|Any CPU
		{B7DDAD3E-9A6A-3D94-B377-7001FE2F3AAF}.Debug|Any CPU.ActiveCfg = Debug|Any CPU
		{B7DDAD3E-9A6A-3D94-B377-7001FE2F3AAF}.Debug|Any CPU.Build.0 = Debug|Any CPU
		{B7DDAD3E-9A6A-3D94-B377-7001FE2F3AAF}.Release|Any CPU.ActiveCfg = Release|Any CPU
		{B7DDAD3E-9A6A-3D94-B377-7001FE2F3AAF}.Release|Any CPU.Build.0 = Release|Any CPU
		{0A0A3DA3-8050-0B29-D6B4-94BFA4888FD6}.Debug|Any CPU.ActiveCfg = Debug|Any CPU
		{0A0A3DA3-8050-0B29-D6B4-94BFA4888FD6}.Debug|Any CPU.Build.0 = Debug|Any CPU
		{0A0A3DA3-8050-0B29-D6B4-94BFA4888FD6}.Release|Any CPU.ActiveCfg = Release|Any CPU
		{0A0A3DA3-8050-0B29-D6B4-94BFA4888FD6}.Release|Any CPU.Build.0 = Release|Any CPU
		{3592D62D-8516-308C-8394-81856E47FB03}.Debug|Any CPU.ActiveCfg = Debug|Any CPU
		{3592D62D-8516-308C-8394-81856E47FB03}.Debug|Any CPU.Build.0 = Debug|Any CPU
		{3592D62D-8516-308C-8394-81856E47FB03}.Release|Any CPU.ActiveCfg = Release|Any CPU
		{3592D62D-8516-308C-8394-81856E47FB03}.Release|Any CPU.Build.0 = Release|Any CPU
		{294E58C0-3218-1DEF-CF07-B9055E439ECB}.Debug|Any CPU.ActiveCfg = Debug|Any CPU
		{294E58C0-3218-1DEF-CF07-B9055E439ECB}.Debug|Any CPU.Build.0 = Debug|Any CPU
		{294E58C0-3218-1DEF-CF07-B9055E439ECB}.Release|Any CPU.ActiveCfg = Release|Any CPU
		{294E58C0-3218-1DEF-CF07-B9055E439ECB}.Release|Any CPU.Build.0 = Release|Any CPU
	EndGlobalSection
	GlobalSection(SolutionProperties) = preSolution
		HideSolutionNode = FALSE
	EndGlobalSection
EndGlobal
